
Microsoft Visual Studio Solution File, Format Version 12.00
# Visual Studio Version 17
VisualStudioVersion = 17.5.002.0
MinimumVisualStudioVersion = 10.0.40219.1
Project("{9A19103F-16F7-4668-BE54-9A1E7A4F7556}") = "Heist II", "Heist II.csproj", "{CAB66A57-3BEE-44E0-9ECB-C7415723AE15}"
EndProject
Global
	GlobalSection(SolutionConfigurationPlatforms) = preSolution
		Debug|Any CPU = Debug|Any CPU
		Release|Any CPU = Release|Any CPU
	EndGlobalSection
	GlobalSection(ProjectConfigurationPlatforms) = postSolution
		{CAB66A57-3BEE-44E0-9ECB-C7415723AE15}.Debug|Any CPU.ActiveCfg = Debug|Any CPU
		{CAB66A57-3BEE-44E0-9ECB-C7415723AE15}.Debug|Any CPU.Build.0 = Debug|Any CPU
		{CAB66A57-3BEE-44E0-9ECB-C7415723AE15}.Release|Any CPU.ActiveCfg = Release|Any CPU
		{CAB66A57-3BEE-44E0-9ECB-C7415723AE15}.Release|Any CPU.Build.0 = Release|Any CPU
	EndGlobalSection
	GlobalSection(SolutionProperties) = preSolution
		HideSolutionNode = FALSE
	EndGlobalSection
	GlobalSection(ExtensibilityGlobals) = postSolution
		SolutionGuid = {C87E5390-C827-4780-824E-D96E452D5DEB}
	EndGlobalSection
EndGlobal
